
Microsoft Visual Studio Solution File, Format Version 12.00
# Visual Studio Version 16
VisualStudioVersion = 16.0.29709.97
MinimumVisualStudioVersion = 10.0.40219.1
Project("{FAE04EC0-301F-11D3-BF4B-00C04F79EFBC}") = "GriffithsLibraryProject", "GriffithsLibraryProject\GriffithsLibraryProject.csproj", "{87940673-2D39-46A0-B44F-A14D65AC9545}"
EndProject
Global
	GlobalSection(SolutionConfigurationPlatforms) = preSolution
		Debug|Any CPU = Debug|Any CPU
		Release|Any CPU = Release|Any CPU
	EndGlobalSection
	GlobalSection(ProjectConfigurationPlatforms) = postSolution
		{87940673-2D39-46A0-B44F-A14D65AC9545}.Debug|Any CPU.ActiveCfg = Debug|Any CPU
		{87940673-2D39-46A0-B44F-A14D65AC9545}.Debug|Any CPU.Build.0 = Debug|Any CPU
		{87940673-2D39-46A0-B44F-A14D65AC9545}.Release|Any CPU.ActiveCfg = Release|Any CPU
		{87940673-2D39-46A0-B44F-A14D65AC9545}.Release|Any CPU.Build.0 = Release|Any CPU
	EndGlobalSection
	GlobalSection(SolutionProperties) = preSolution
		HideSolutionNode = FALSE
	EndGlobalSection
	GlobalSection(ExtensibilityGlobals) = postSolution
		SolutionGuid = {B86BE89F-9DB4-4AEE-9FDA-F99DB943D57C}
	EndGlobalSection
EndGlobal
